
Microsoft Visual Studio Solution File, Format Version 12.00
# Visual Studio Version 17
VisualStudioVersion = 17.9.34728.123
MinimumVisualStudioVersion = 10.0.40219.1
Project("{FAE04EC0-301F-11D3-BF4B-00C04F79EFBC}") = "AreaCalculator", "AreaCalculator.csproj", "{9E794183-04DE-45A5-B936-6D4C024956C7}"
EndProject
Project("{FAE04EC0-301F-11D3-BF4B-00C04F79EFBC}") = "AreaCalculator.Tests", "..\AreaCalculator.Tests\AreaCalculator.Tests.csproj", "{87FAE419-F3BB-493A-B299-488E9C21E57B}"
EndProject
Global
	GlobalSection(SolutionConfigurationPlatforms) = preSolution
		Debug|Any CPU = Debug|Any CPU
		Release|Any CPU = Release|Any CPU
	EndGlobalSection
	GlobalSection(ProjectConfigurationPlatforms) = postSolution
		{9E794183-04DE-45A5-B936-6D4C024956C7}.Debug|Any CPU.ActiveCfg = Debug|Any CPU
		{9E794183-04DE-45A5-B936-6D4C024956C7}.Debug|Any CPU.Build.0 = Debug|Any CPU
		{9E794183-04DE-45A5-B936-6D4C024956C7}.Release|Any CPU.ActiveCfg = Release|Any CPU
		{9E794183-04DE-45A5-B936-6D4C024956C7}.Release|Any CPU.Build.0 = Release|Any CPU
		{87FAE419-F3BB-493A-B299-488E9C21E57B}.Debug|Any CPU.ActiveCfg = Debug|Any CPU
		{87FAE419-F3BB-493A-B299-488E9C21E57B}.Debug|Any CPU.Build.0 = Debug|Any CPU
		{87FAE419-F3BB-493A-B299-488E9C21E57B}.Release|Any CPU.ActiveCfg = Release|Any CPU
		{87FAE419-F3BB-493A-B299-488E9C21E57B}.Release|Any CPU.Build.0 = Release|Any CPU
	EndGlobalSection
	GlobalSection(SolutionProperties) = preSolution
		HideSolutionNode = FALSE
	EndGlobalSection
	GlobalSection(ExtensibilityGlobals) = postSolution
		SolutionGuid = {A2FBC802-E0E4-48D4-B139-4707787A6057}
	EndGlobalSection
EndGlobal
